
Microsoft Visual Studio Solution File, Format Version 12.00
# Visual Studio Version 17
VisualStudioVersion = 17.3.32922.545
MinimumVisualStudioVersion = 10.0.40219.1
Project("{FAE04EC0-301F-11D3-BF4B-00C04F79EFBC}") = "JokesWebApp", "JokesWebApp\JokesWebApp.csproj", "{DF7E663D-920F-49BF-A565-207BB5D4FD36}"
EndProject
Global
	GlobalSection(SolutionConfigurationPlatforms) = preSolution
		Debug|Any CPU = Debug|Any CPU
		Release|Any CPU = Release|Any CPU
	EndGlobalSection
	GlobalSection(ProjectConfigurationPlatforms) = postSolution
		{DF7E663D-920F-49BF-A565-207BB5D4FD36}.Debug|Any CPU.ActiveCfg = Debug|Any CPU
		{DF7E663D-920F-49BF-A565-207BB5D4FD36}.Debug|Any CPU.Build.0 = Debug|Any CPU
		{DF7E663D-920F-49BF-A565-207BB5D4FD36}.Release|Any CPU.ActiveCfg = Release|Any CPU
		{DF7E663D-920F-49BF-A565-207BB5D4FD36}.Release|Any CPU.Build.0 = Release|Any CPU
	EndGlobalSection
	GlobalSection(SolutionProperties) = preSolution
		HideSolutionNode = FALSE
	EndGlobalSection
	GlobalSection(ExtensibilityGlobals) = postSolution
		SolutionGuid = {28BF9D68-B01E-407F-8DC6-8E0BC402EC99}
	EndGlobalSection
EndGlobal
